#MicroXplorer Configuration settings - do not modify
PCC.Series=STM32L4
PB13.GPIOParameters=GPIO_Label
PA15\ (JTDI).GPIOParameters=GPIO_Label
RCC.USART1Freq_Value=2000000
USART2.IPParameters=VirtualMode-Asynchronous,BaudRate
I2C1.I2C_Speed_Mode=I2C_Standard
PB10.Mode=Asynchronous
PB14.GPIO_Label=SDA2_OLED
PA13\ (JTMS-SWDIO).Locked=true
PA3.GPIOParameters=GPIO_Label
PB6.GPIO_Label=SCL1
PA15\ (JTDI).Signal=USART2_RX
PC15-OSC32_OUT\ (PC15).Mode=LSE-External-Oscillator
USART1.IPParameters=VirtualMode-Asynchronous,AutoBaudRateEnableParam,OverSampling
PB13.Signal=I2C2_SCL
PA2.GPIOParameters=GPIO_Label
PinOutPanel.RotationAngle=0
RCC.MCO1PinFreq_Value=16000000
RCC.SYSCLKSource=RCC_SYSCLKSOURCE_HSI
PC14-OSC32_IN\ (PC14).Mode=LSE-External-Oscillator
NVIC.DMA1_Channel3_IRQn=true\:0\:0\:false\:false\:true\:false\:true
USART3.VirtualMode-Asynchronous=VM_ASYNC
PA14\ (JTCK-SWCLK).Signal=SYS_JTCK-SWCLK
RCC.LPTIM1Freq_Value=1000000
NVIC.SVCall_IRQn=true\:0\:0\:false\:false\:true\:false\:false
PCC.Seq0.Step1.Oscillator=ALL CLOCKS OFF
PA15\ (JTDI).Mode=Asynchronous
USART3.BaudRate=38400
PCC.PartNumber=STM32L433CCUx
SH.S_TIM16_CH1.ConfNb=1
I2C2.I2C_Speed_Mode=I2C_Fast
RCC.APB2TimFreq_Value=4000000
PB6.Signal=I2C1_SCL
PCC.Seq0.Step1.TaMax=105
PB12.PinState=GPIO_PIN_SET
PB6.Mode=I2C
Dma.USART2_RX.2.Priority=DMA_PRIORITY_LOW
PCC.Seq0.Step1.Category=In DS Table
PB13.Locked=true
RCC.USART3Freq_Value=1000000
ProjectManager.ProjectBuild=false
Dma.USART1_RX.1.PeriphDataAlignment=DMA_PDATAALIGN_BYTE
NVIC.UsageFault_IRQn=true\:0\:0\:false\:false\:true\:false\:false
PA0.Locked=true
PCC.Seq0.Step1.Vdd=3.0
PB2.Signal=GPIO_Output
PA8.Locked=true
PCC.Seq0.Step0.Voltage_Source=Battery
PB12.GPIO_Label=OLED_WU
ProjectManager.FirmwarePackage=STM32Cube FW_L4 V1.17.0
MxDb.Version=DB.6.0.20
PB0.GPIOParameters=GPIO_PuPd,GPIO_Label
ProjectManager.BackupPrevious=false
PB14.Mode=I2C
PB1.GPIO_Label=GPS_RST
PA8.Signal=GPIO_Output
PA8.GPIO_ModeDefaultOutputPP=GPIO_MODE_OUTPUT_PP
RCC.PLLRCLKFreq_Value=32000000
PB6.Locked=true
NVIC.PendSV_IRQn=true\:0\:0\:false\:false\:true\:false\:false
ProjectManager.HalAssertFull=false
PB2.GPIO_PuPd=GPIO_PULLDOWN
ADC1.SamplingTime-0\#ChannelRegularConversion=ADC_SAMPLETIME_247CYCLES_5
TIM16.Pulse=5
PA0.Signal=ADCx_IN5
Dma.USART1_RX.1.Mode=DMA_CIRCULAR
Mcu.Package=UFQFPN48
PB9.Signal=GPIO_Input
PB1.Signal=GPIO_Output
Dma.USART2_RX.2.RequestParameters=Instance,Direction,PeriphInc,MemInc,PeriphDataAlignment,MemDataAlignment,Mode,Priority
PCC.Seq0.Step1.Average_Current=1.06 \u00B5A
VP_SYS_VS_Systick.Signal=SYS_VS_Systick
RCC.LSCOPinFreq_Value=32000
USART3.IPParameters=VirtualMode-Asynchronous,BaudRate
PA10.Signal=USART1_RX
PB9.GPIO_PuPd=GPIO_PULLUP
Dma.USART2_RX.2.Direction=DMA_PERIPH_TO_MEMORY
PB14.GPIOParameters=GPIO_Label
SH.ADCx_IN9.0=ADC1_IN9,IN9-Single-Ended
Dma.USART1_RX.1.PeriphInc=DMA_PINC_DISABLE
PB5.GPIO_Speed=GPIO_SPEED_FREQ_HIGH
RCC.APB2CLKDivider=RCC_HCLK_DIV8
PCC.Seq0.Step1.DMIPS=0.0
RCC.PLLPoutputFreq_Value=9142857.142857144
RCC.APB1TimFreq_Value=2000000
NVIC.BusFault_IRQn=true\:0\:0\:false\:false\:true\:false\:false
RCC.LPUART1Freq_Value=1000000
SH.ADCx_IN9.ConfNb=1
PB13.Mode=I2C
PB10.GPIOParameters=GPIO_Label
TIM16.Prescaler=100-1
PA13\ (JTMS-SWDIO).Signal=SYS_JTMS-SWDIO
NVIC.USART1_IRQn=true\:3\:0\:true\:false\:true\:true\:true
PH0-OSC_IN\ (PH0).Mode=HSE-External-Oscillator
PA4.GPIO_Label=GAZ3_CH9
ProjectManager.CustomerFirmwarePackage=
RCC.HSI48_VALUE=48000000
Dma.USART3_RX.0.Instance=DMA1_Channel3
PCC.Seq0.Step0.Category=In DS Table
NVIC.DMA1_Channel6_IRQn=true\:0\:0\:false\:false\:true\:false\:true
Dma.USART1_RX.1.Instance=DMA1_Channel5
RCC.PLLQoutputFreq_Value=32000000
ProjectManager.ProjectFileName=HeliosModifLora+SF.ioc
Dma.USART1_RX.1.MemDataAlignment=DMA_MDATAALIGN_BYTE
ADC1.Rank-0\#ChannelRegularConversion=1
Mcu.PinsNb=40
ADC1.IPParameters=Rank-0\#ChannelRegularConversion,Channel-0\#ChannelRegularConversion,SamplingTime-0\#ChannelRegularConversion,OffsetNumber-0\#ChannelRegularConversion,NbrOfConversionFlag,ContinuousConvMode,ClockPrescaler,NbrOfConversion,DiscontinuousConvMode,EnableAnalogWatchDog1,master
PC13.Locked=true
ADC1.OffsetNumber-0\#ChannelRegularConversion=ADC_OFFSET_NONE
PC13.Signal=GPIO_Output
PA9.GPIO_Label=TX1_CARTEGAZ
RCC.SWPMI1Freq_Value=1000000
PB8.GPIO_PuPd=GPIO_PULLUP
PB11.GPIO_Label=RX3_LORA
VP_USB_DEVICE_VS_USB_DEVICE_DFU_FS.Signal=USB_DEVICE_VS_USB_DEVICE_DFU_FS
SH.S_TIM16_CH1.0=TIM16_CH1,PWM Generation1 CH1
VP_TIM16_VS_ClockSourceINT.Mode=Enable_Timer
PCC.Line=STM32L4x3
PB14.Locked=true
RCC.APB1CLKDivider=RCC_HCLK_DIV16
PB3\ (JTDO-TRACESWO).GPIO_PuPd=GPIO_NOPULL
USART2.BaudRate=9600
Dma.USART2_RX.2.Mode=DMA_CIRCULAR
PB8.GPIO_Label=BP_ON
PCC.MCU=STM32L433C(B-C)Ux
PA8.GPIO_Label=DWM_RST
PB11.Mode=Asynchronous
PA9.Signal=USART1_TX
I2C1.Timing=0x00000103
PB11.GPIOParameters=GPIO_Label
PB5.Locked=true
PB9.Locked=true
RCC.PLLSAI1PoutputFreq_Value=9142857.142857144
PB10.Signal=USART3_TX
PB14.Signal=I2C2_SDA
ProjectManager.LastFirmware=true
PCC.Seq0.Step0.Vcore=Range1-High
PB3\ (JTDO-TRACESWO).GPIOParameters=PinState,GPIO_PuPd,GPIO_Label
Mcu.Pin37=VP_TIM7_VS_ClockSourceINT
Mcu.Pin38=VP_TIM16_VS_ClockSourceINT
PB15.GPIO_Label=DWM_WU
Mcu.Pin35=VP_IWDG_VS_IWDG
RCC.I2C1Freq_Value=1000000
Mcu.Pin36=VP_SYS_VS_Systick
Mcu.Pin39=VP_USB_DEVICE_VS_USB_DEVICE_DFU_FS
RCC.RNGFreq_Value=48000000
Mcu.Pin30=PB5
Mcu.Pin33=PB8
Mcu.Pin34=PB9
Mcu.Pin31=PB6
Mcu.Pin32=PB7
PA9.Locked=true
VP_TIM16_VS_ClockSourceINT.Signal=TIM16_VS_ClockSourceINT
NVIC.NonMaskableInt_IRQn=true\:0\:0\:false\:false\:true\:false\:false
ProjectManager.FreePins=true
IWDG.IPParameters=Reload,Prescaler
RCC.LPTIM2Freq_Value=1000000
Mcu.Pin26=PA14 (JTCK-SWCLK)
Mcu.Pin27=PA15 (JTDI)
Mcu.Pin24=PA12
ProjectManager.UnderRoot=true
Mcu.Pin25=PA13 (JTMS-SWDIO)
Mcu.Pin28=PB3 (JTDO-TRACESWO)
Mcu.Pin29=PB4 (NJTRST)
PA4.Signal=ADCx_IN9
Mcu.Pin22=PA10
PB5.Signal=GPIO_Output
Mcu.Pin23=PA11
Mcu.Pin20=PA8
ADC1.master=1
PA3.Locked=true
Mcu.Pin21=PA9
PA10.Locked=true
PA14\ (JTCK-SWCLK).Locked=true
NVIC.ForceEnableDMAVector=true
NVIC.MemoryManagement_IRQn=true\:0\:0\:false\:false\:true\:false\:false
ProjectManager.CompilerOptimize=6
PA11.Signal=USB_DM
ProjectManager.HeapSize=0x800
PA0.GPIOParameters=GPIO_Label
Mcu.Pin15=PB11
NVIC.HardFault_IRQn=true\:0\:0\:false\:false\:true\:false\:false
Mcu.Pin16=PB12
Mcu.Pin13=PB2
Mcu.Pin14=PB10
Mcu.Pin19=PB15
ProjectManager.ComputerToolchain=false
Mcu.Pin17=PB13
Mcu.Pin18=PB14
SH.ADCx_IN5.0=ADC1_IN5,IN5-Single-Ended
NVIC.PriorityGroup=NVIC_PRIORITYGROUP_4
Mcu.Pin11=PB0
Mcu.Pin12=PB1
Mcu.Pin10=PA7
RCC.PWRFreq_Value=16000000
PCC.Seq0.Step1.Vcore=NoRange
SH.ADCx_IN5.ConfNb=1
Dma.USART1_RX.1.Direction=DMA_PERIPH_TO_MEMORY
PB4\ (NJTRST).GPIO_Label=DONE_1
PCC.Seq0.Step1.Voltage_Source=Battery
PCC.Seq0=2
PB12.GPIO_PuPd=GPIO_PULLUP
RCC.I2C2Freq_Value=1000000
PB0.Signal=GPIO_Output
PB4\ (NJTRST).GPIO_PuPd=GPIO_NOPULL
PA7.GPIOParameters=GPIO_Label
PB12.GPIOParameters=PinState,GPIO_PuPd,GPIO_Label
Mcu.Family=STM32L4
NVIC.USART3_IRQn=true\:1\:0\:true\:false\:true\:true\:true
ProjectManager.MainLocation=Core/Src
Dma.USART2_RX.2.PeriphDataAlignment=DMA_PDATAALIGN_BYTE
I2C2.IPParameters=I2C_Speed_Mode,Timing
USB_DEVICE.CLASS_NAME_FS=DFU
Dma.USART3_RX.0.PeriphInc=DMA_PINC_DISABLE
RCC.SAI1Freq_Value=9142857.142857144
RCC.CortexFreq_Value=16000000
NVIC.DMA1_Channel5_IRQn=true\:0\:0\:false\:false\:true\:false\:true
ProjectManager.KeepUserCode=true
Mcu.UserName=STM32L433CCUx
NVIC.USB_IRQn=true\:0\:0\:false\:false\:true\:false\:true
ADC1.ContinuousConvMode=ENABLE
PCC.Seq0.Step0.CPU_Frequency=80 MHz
PH0-OSC_IN\ (PH0).Signal=RCC_OSC_IN
PCC.Seq0.Step0.User's_Consumption=0 mA
VP_IWDG_VS_IWDG.Mode=IWDG_Activate
RCC.PLLSAI1RoutputFreq_Value=8000000
I2C2.Timing=0x00000000
PA0.GPIO_Label=GAZ1_CH5
PB3\ (JTDO-TRACESWO).PinState=GPIO_PIN_RESET
ProjectManager.functionlistsort=1-MX_GPIO_Init-GPIO-false-HAL-true,2-MX_DMA_Init-DMA-false-HAL-true,3-SystemClock_Config-RCC-false-HAL-false,4-MX_I2C1_Init-I2C1-false-HAL-true,5-MX_I2C2_Init-I2C2-false-HAL-true,6-MX_USART1_UART_Init-USART1-false-HAL-true,7-MX_USART2_UART_Init-USART2-false-HAL-true,8-MX_USART3_UART_Init-USART3-false-HAL-true,9-MX_TIM7_Init-TIM7-false-HAL-true,10-MX_TIM16_Init-TIM16-false-HAL-true,11-MX_IWDG_Init-IWDG-false-HAL-true,12-MX_USB_DEVICE_Init-USB_DEVICE-false-HAL-false,13-MX_ADC1_Init-ADC1-false-HAL-true
PA9.GPIOParameters=GPIO_Label
PA11.Mode=Device
PB0.GPIO_Label=LED_WU
RCC.USART2Freq_Value=1000000
PCC.Seq0.Step1.Duration=0.9 ms
PC13.GPIO_Label=OLED_RST
PB13.GPIO_Label=SCL2_OLED
PB11.Signal=USART3_RX
PB15.Signal=GPIO_Output
VP_USB_DEVICE_VS_USB_DEVICE_DFU_FS.Mode=DFU_FS
ProjectManager.StackSize=0x800
PB3\ (JTDO-TRACESWO).Signal=GPIO_Output
PB5.GPIOParameters=GPIO_Speed,GPIO_Label
RCC.I2C3Freq_Value=1000000
VP_TIM7_VS_ClockSourceINT.Mode=Enable_Timer
Mcu.IP4=IWDG
Mcu.IP5=NVIC
RCC.FCLKCortexFreq_Value=16000000
USB_DEVICE.MANUFACTURER_STRING=HESTIAM 
I2C1.IPParameters=I2C_Speed_Mode,Timing
Mcu.IP2=I2C1
Mcu.IP3=I2C2
Mcu.IP0=ADC1
Mcu.IP1=DMA
PA12.Signal=USB_DP
Mcu.UserConstants=
RCC.VCOSAI1OutputFreq_Value=64000000
Mcu.ThirdPartyNb=0
PB1.GPIO_PuPd=GPIO_PULLUP
RCC.HCLKFreq_Value=16000000
Mcu.IPNb=15
ProjectManager.PreviousToolchain=STM32CubeIDE
PA8.GPIOParameters=PinState,GPIO_PuPd,GPIO_Label,GPIO_ModeDefaultOutputPP
Mcu.Pin6=PA2
TIM7.Period=4000-1
Mcu.Pin7=PA3
Dma.USART2_RX.2.MemDataAlignment=DMA_MDATAALIGN_BYTE
Mcu.Pin8=PA4
Mcu.Pin9=PA6
Dma.USART1_RX.1.MemInc=DMA_MINC_ENABLE
RCC.AHBFreq_Value=16000000
Mcu.Pin0=PC13
Mcu.Pin1=PC14-OSC32_IN (PC14)
GPIO.groupedBy=Group By Peripherals
Mcu.Pin2=PC15-OSC32_OUT (PC15)
Mcu.Pin3=PH0-OSC_IN (PH0)
Mcu.Pin4=PH1-OSC_OUT (PH1)
Mcu.Pin5=PA0
ADC1.Channel-0\#ChannelRegularConversion=ADC_CHANNEL_9
PH1-OSC_OUT\ (PH1).Mode=HSE-External-Oscillator
RCC.HSE_VALUE=8000000
Dma.USART3_RX.0.MemDataAlignment=DMA_MDATAALIGN_BYTE
NVIC.DebugMonitor_IRQn=true\:0\:0\:false\:false\:true\:false\:false
Mcu.IP10=USART1
USART2.VirtualMode-Asynchronous=VM_ASYNC
PCC.Seq0.Step0.DMIPS=100.0
NVIC.SysTick_IRQn=true\:0\:0\:false\:false\:true\:false\:true
Mcu.IP12=USART3
Mcu.IP11=USART2
VP_TIM7_VS_ClockSourceINT.Signal=TIM7_VS_ClockSourceINT
Mcu.IP14=USB_DEVICE
Mcu.IP13=USB
RCC.VCOInputFreq_Value=4000000
File.Version=6
PA10.GPIO_Label=RX1_CARTEGAZ
Dma.USART3_RX.0.PeriphDataAlignment=DMA_PDATAALIGN_BYTE
PC13.GPIO_PuPd=GPIO_PULLDOWN
PB7.Signal=I2C1_SDA
PB8.Locked=true
Dma.RequestsNb=3
PB6.GPIOParameters=GPIO_Label
PB0.Locked=true
ProjectManager.ProjectName=HeliosModifLora+SF
PB1.PinState=GPIO_PIN_SET
PB7.GPIO_Label=SDA1
PB4\ (NJTRST).Locked=true
PCC.Seq0.Step0.Oscillator=HSE BYP PLL
Dma.USART3_RX.0.Direction=DMA_PERIPH_TO_MEMORY
PA6.Signal=S_TIM16_CH1
PA7.Locked=true
ProjectManager.ToolChainLocation=
PA2.GPIO_Label=TX2_GPS
RCC.LSI_VALUE=32000
RCC.HSI14CalibrationValue=16
IWDG.Reload=3750
PCC.Checker=true
Dma.USART3_RX.0.MemInc=DMA_MINC_ENABLE
PCC.Seq0.Step0.Duration=0.1 ms
PB4\ (NJTRST).GPIO_ModeDefaultOutputPP=GPIO_MODE_OUTPUT_PP
PB5.GPIO_Label=CHA_ISEL
Dma.Request2=USART2_RX
TIM16.AutoReloadPreload=TIM_AUTORELOAD_PRELOAD_DISABLE
Dma.Request1=USART1_RX
PCC.Seq0.Step0.Peripherals=
RCC.CK48CLockSelection=RCC_USBCLKSOURCE_HSI48
Dma.USART1_RX.1.Priority=DMA_PRIORITY_LOW
Dma.Request0=USART3_RX
Dma.USART3_RX.0.RequestParameters=Instance,Direction,PeriphInc,MemInc,PeriphDataAlignment,MemDataAlignment,Mode,Priority
PCC.Seq0.Step1.Mode=STOP2
NVIC.TIM7_IRQn=true\:0\:0\:false\:false\:true\:true\:true
RCC.PLLSAI1R=RCC_PLLR_DIV8
PA8.PinState=GPIO_PIN_RESET
RCC.PLLSAI1Q=RCC_PLLQ_DIV8
PB15.Locked=true
PB3\ (JTDO-TRACESWO).Locked=true
RCC.PLLSAI1N=16
PA3.Signal=GPIO_Output
PCC.Seq0.Step1.CPU_Frequency=0 Hz
PCC.Seq0.Step1.Memory=n/a
PA2.Locked=true
RCC.MSI_VALUE=4000000
PB8.GPIOParameters=GPIO_PuPd,GPIO_Label
PB9.GPIO_Label=BP_SOS
PA10.Mode=Asynchronous
PCC.Seq0.Step0.Average_Current=8.56 mA
PCC.Vdd=3.0
ProjectManager.NoMain=false
USB_DEVICE.VirtualModeFS=Dfu_FS
ADC1.DiscontinuousConvMode=DISABLE
ProjectManager.DefaultFWLocation=true
PC15-OSC32_OUT\ (PC15).Signal=RCC_OSC32_OUT
PB12.Locked=true
PB3\ (JTDO-TRACESWO).GPIO_Label=DONE_2
ProjectManager.DeletePrevious=true
PB10.Locked=true
USB_DEVICE.IPParameters=VirtualMode,VirtualModeFS,CLASS_NAME_FS,MANUFACTURER_STRING,LANGID_STRING
TIM16.Channel=TIM_CHANNEL_1
NVIC.USART2_IRQn=true\:2\:0\:true\:false\:true\:true\:true
RCC.FamilyName=M
PH1-OSC_OUT\ (PH1).Signal=RCC_OSC_OUT
Dma.USART3_RX.0.Mode=DMA_CIRCULAR
PB9.GPIOParameters=GPIO_PuPd,GPIO_Label
USART1.VirtualMode-Asynchronous=VM_ASYNC
PCC.Seq0.Step0.TaMax=104.15
PA9.Mode=Asynchronous
PB4\ (NJTRST).GPIOParameters=GPIO_PuPd,GPIO_Label,GPIO_ModeDefaultOutputPP
Dma.USART2_RX.2.MemInc=DMA_MINC_ENABLE
ProjectManager.TargetToolchain=STM32CubeIDE
Dma.USART1_RX.1.RequestParameters=Instance,Direction,PeriphInc,MemInc,PeriphDataAlignment,MemDataAlignment,Mode,Priority
PB10.GPIO_Label=TX3_LORA
PCC.Seq0.Step1.User's_Consumption=0 mA
PCC.Seq0.Step0.Mode=RUN
PB7.GPIOParameters=GPIO_Label
PB2.GPIOParameters=GPIO_PuPd,GPIO_Label
ADC1.EnableAnalogWatchDog1=false
ProjectManager.RegisterCallBack=
RCC.USBFreq_Value=48000000
PB1.Locked=true
USB_DEVICE.LANGID_STRING=1036
TIM7.Prescaler=5-1
board=custom
PCC.Temperature=25
RCC.VCOOutputFreq_Value=64000000
Dma.USART2_RX.2.PeriphInc=DMA_PINC_DISABLE
TIM16.Period=10-1
RCC.APB2Freq_Value=2000000
PCC.Seq0.Step0.Frequency=4 MHz
TIM7.IPParameters=Prescaler,Period
MxCube.Version=6.2.0
PC13.GPIOParameters=GPIO_PuPd,GPIO_Label
RCC.PLLSAI1QoutputFreq_Value=8000000
RCC.ADCFreq_Value=8000000
PA10.GPIOParameters=GPIO_Label
VP_SYS_VS_Systick.Mode=SysTick
PA4.GPIOParameters=GPIO_Label
PB15.GPIOParameters=GPIO_Label
ADC1.NbrOfConversion=1
PA15\ (JTDI).GPIO_Label=RX2_GPS
RCC.IPParameters=ADCFreq_Value,AHBFreq_Value,APB1CLKDivider,APB1Freq_Value,APB1TimFreq_Value,APB2CLKDivider,APB2Freq_Value,APB2TimFreq_Value,CK48CLockSelection,CortexFreq_Value,FCLKCortexFreq_Value,FamilyName,HCLKFreq_Value,HSE_VALUE,HSI14CalibrationValue,HSI48_VALUE,HSI_VALUE,I2C1Freq_Value,I2C2Freq_Value,I2C3Freq_Value,LPTIM1Freq_Value,LPTIM2Freq_Value,LPUART1Freq_Value,LSCOPinFreq_Value,LSI_VALUE,MCO1PinFreq_Value,MSI_VALUE,PLLN,PLLPoutputFreq_Value,PLLQoutputFreq_Value,PLLRCLKFreq_Value,PLLSAI1N,PLLSAI1PoutputFreq_Value,PLLSAI1Q,PLLSAI1QoutputFreq_Value,PLLSAI1R,PLLSAI1RoutputFreq_Value,PWRFreq_Value,RNGFreq_Value,SAI1Freq_Value,SWPMI1Freq_Value,SYSCLKFreq_VALUE,SYSCLKSource,USART1Freq_Value,USART2Freq_Value,USART3Freq_Value,USBFreq_Value,VCOInputFreq_Value,VCOOutputFreq_Value,VCOSAI1OutputFreq_Value
ProjectManager.AskForMigrate=true
Mcu.Name=STM32L433C(B-C)Ux
PA2.Signal=USART2_TX
PB2.Locked=true
Mcu.IP8=TIM7
Mcu.IP9=TIM16
Mcu.IP6=RCC
Mcu.IP7=SYS
ProjectManager.CoupleFile=true
PCC.Seq0.Step0.Memory=FLASH
RCC.SYSCLKFreq_VALUE=16000000
Dma.USART3_RX.0.Priority=DMA_PRIORITY_HIGH
USART1.OverSampling=UART_OVERSAMPLING_16
PA7.GPIO_Label=GAZ_WU
PA12.Mode=Device
KeepUserPlacement=false
USART1.AutoBaudRateEnableParam=UART_ADVFEATURE_AUTOBAUDRATE_DISABLE
Dma.USART2_RX.2.Instance=DMA1_Channel6
PC14-OSC32_IN\ (PC14).Signal=RCC_OSC32_IN
PB7.Mode=I2C
VP_IWDG_VS_IWDG.Signal=IWDG_VS_IWDG
PB2.GPIO_Label=LORA_WU
RCC.HSI_VALUE=16000000
PA8.GPIO_PuPd=GPIO_PULLDOWN
PCC.Seq0.Step1.Frequency=0 Hz
NVIC.TIM1_UP_TIM16_IRQn=true\:1\:0\:true\:false\:true\:true\:true
ADC1.NbrOfConversionFlag=1
RCC.PLLN=16
IWDG.Prescaler=IWDG_PRESCALER_128
PB7.Locked=true
PCC.Seq0.Step1.Peripherals=
PA2.Mode=Asynchronous
PB8.Signal=GPIO_Input
TIM16.IPParameters=Prescaler,Period,AutoReloadPreload,Channel,Pulse
PCC.Seq0.Step0.Vdd=3.0
PA15\ (JTDI).Locked=true
RCC.APB1Freq_Value=1000000
USB_DEVICE.VirtualMode=Dfu
ADC1.ClockPrescaler=ADC_CLOCK_ASYNC_DIV8
PB11.Locked=true
ProjectManager.DeviceId=STM32L433CCUx
PB12.Signal=GPIO_Output
ProjectManager.LibraryCopy=1
PB0.GPIO_PuPd=GPIO_PULLDOWN
PA3.GPIO_Label=MOTOR_WU
PB1.GPIOParameters=PinState,GPIO_PuPd,GPIO_Label
PA7.Signal=GPIO_Output
PB4\ (NJTRST).Signal=GPIO_Output
PA6.Locked=true
isbadioc=false
